lockfileVersion: '9.0'

settings:
  autoInstallPeers: true
  excludeLinksFromLockfile: false

importers:

  .:
    dependencies:
      '@inkjs/ui':
        specifier: ^2.0.0
        version: 2.0.0(ink@6.6.0(@types/react@19.2.13)(react@19.2.4))
      '@langchain/core':
        specifier: ^1.1.19
        version: 1.1.19
      '@langchain/google-genai':
        specifier: ^2.1.15
        version: 2.1.15(@langchain/core@1.1.19)
      '@langchain/langgraph':
        specifier: ^1.1.4
        version: 1.1.4(@langchain/core@1.1.19)(react@19.2.4)(zod@4.3.6)
      '@tavily/core':
        specifier: ^0.7.1
        version: 0.7.1
      ink:
        specifier: ^6.6.0
        version: 6.6.0(@types/react@19.2.13)(react@19.2.4)
      ink-big-text:
        specifier: ^2.0.0
        version: 2.0.0(ink@6.6.0(@types/react@19.2.13)(react@19.2.4))(react@19.2.4)
      ink-gradient:
        specifier: ^4.0.0
        version: 4.0.0(ink@6.6.0(@types/react@19.2.13)(react@19.2.4))
      langchain:
        specifier: ^1.2.18
        version: 1.2.18(@langchain/core@1.1.19)(react@19.2.4)
      react:
        specifier: ^19.2.4
        version: 19.2.4
      strip-ansi:
        specifier: ^7.1.2
        version: 7.1.2
      uuid:
        specifier: ^13.0.0
        version: 13.0.0
      zod:
        specifier: ^4.3.6
        version: 4.3.6
    devDependencies:
      '@types/node':
        specifier: ^25.2.2
        version: 25.2.2
      '@types/react':
        specifier: ^19.2.13
        version: 19.2.13
      typescript:
        specifier: ^5.9.3
        version: 5.9.3

packages:

  '@alcalzone/ansi-tokenize@0.2.4':
    resolution: {integrity: sha512-HTgrrTgZ9Jgeo6Z3oqbQ7lifOVvRR14vaDuBGPPUxk9Thm+vObaO4QfYYYWw4Zo5CWQDBEfsinFA6Gre+AqwNQ==}
    engines: {node: '>=18'}

  '@cfworker/json-schema@4.1.1':
    resolution: {integrity: sha512-gAmrUZSGtKc3AiBL71iNWxDsyUC5uMaKKGdvzYsBoTW/xi42JQHl7eKV2OYzCUqvc+D2RCcf7EXY2iCyFIk6og==}

  '@google/generative-ai@0.24.1':
    resolution: {integrity: sha512-MqO+MLfM6kjxcKoy0p1wRzG3b4ZZXtPI+z2IE26UogS2Cm/XHO+7gGRBh6gcJsOiIVoH93UwKvW4HdgiOZCy9Q==}
    engines: {node: '>=18.0.0'}

  '@inkjs/ui@2.0.0':
    resolution: {integrity: sha512-5+8fJmwtF9UvikzLfph9sA+LS+l37Ij/szQltkuXLOAXwNkBX9innfzh4pLGXIB59vKEQUtc6D4qGvhD7h3pAg==}
    engines: {node: '>=18'}
    peerDependencies:
      ink: '>=5'

  '@langchain/core@1.1.19':
    resolution: {integrity: sha512-hmNAcgeLLqNLnu8UK+HVTfB8170eCmAfsy4gFLBYeE+kdsnyO0Hd/Kd42pZi8Cgfux4OMX3yxl+g+/a1ktGe0A==}
    engines: {node: '>=20'}

  '@langchain/google-genai@2.1.15':
    resolution: {integrity: sha512-Pg+mbMP1q83T/YWjF9E9uKq/D+GhnKS/xOQQuGUIM4wjGlA4BBKtjSzjVnIl66l3CUemVMCu8XYfUnDPbHmm1A==}
    engines: {node: '>=20'}
    peerDependencies:
      '@langchain/core': 1.1.19

  '@langchain/langgraph-checkpoint@1.0.0':
    resolution: {integrity: sha512-xrclBGvNCXDmi0Nz28t3vjpxSH6UYx6w5XAXSiiB1WEdc2xD2iY/a913I3x3a31XpInUW/GGfXXfePfaghV54A==}
    engines: {node: '>=18'}
    peerDependencies:
      '@langchain/core': ^1.0.1

  '@langchain/langgraph-sdk@1.6.0':
    resolution: {integrity: sha512-J/B1SkCG0U+eXEXH/X89dDHxP8I0eULjLtXYvZ39uk2TxEKjLsrW4LY5J7Qwrf0GCDA+IM/agjKSLXALnctWTw==}
    peerDependencies:
      '@langchain/core': ^1.1.16
      react: ^18 || ^19
      react-dom: ^18 || ^19
    peerDependenciesMeta:
      '@langchain/core':
        optional: true
      react:
        optional: true
      react-dom:
        optional: true

  '@langchain/langgraph@1.1.4':
    resolution: {integrity: sha512-9OhRF+7Zvcpure8TLtBrxfJDo0PAoHZhfzcPL6M3CsGXiYqLWm5tQe+FYqn9zRIV7IwphqVEl1QDNbOkVgo+kw==}
    engines: {node: '>=18'}
    peerDependencies:
      '@langchain/core': ^1.1.16
      zod: ^3.25.32 || ^4.2.0
      zod-to-json-schema: ^3.x
    peerDependenciesMeta:
      zod-to-json-schema:
        optional: true

  '@standard-schema/spec@1.1.0':
    resolution: {integrity: sha512-l2aFy5jALhniG5HgqrD6jXLi/rUWrKvqN/qJx6yoJsgKhblVd+iqqU4RCXavm/jPityDo5TCvKMnpjKnOriy0w==}

  '@tavily/core@0.7.1':
    resolution: {integrity: sha512-pESSzbYBJIbvD6LAxWcb2dASZXcO7dsaZDREGKYKd3ssgg01WdMZzhm6LIaZNGhECD+kOg2ldt8+b7BGespu/g==}

  '@types/gradient-string@1.1.6':
    resolution: {integrity: sha512-LkaYxluY4G5wR1M4AKQUal2q61Di1yVVCw42ImFTuaIoQVgmV0WP1xUaLB8zwb47mp82vWTpePI9JmrjEnJ7nQ==}

  '@types/json-schema@7.0.15':
    resolution: {integrity: sha512-5+fP8P8MFNC+AyZCDxrB2pkZFPGzqQWUzpSeuuVLvm8VMcorNYavBqoFcxK8bQz4Qsbn4oUEEem4wDLfcysGHA==}

  '@types/node@25.2.2':
    resolution: {integrity: sha512-BkmoP5/FhRYek5izySdkOneRyXYN35I860MFAGupTdebyE66uZaR+bXLHq8k4DirE5DwQi3NuhvRU1jqTVwUrQ==}

  '@types/react@19.2.13':
    resolution: {integrity: sha512-KkiJeU6VbYbUOp5ITMIc7kBfqlYkKA5KhEHVrGMmUUMt7NeaZg65ojdPk+FtNrBAOXNVM5QM72jnADjM+XVRAQ==}

  '@types/tinycolor2@1.4.6':
    resolution: {integrity: sha512-iEN8J0BoMnsWBqjVbWH/c0G0Hh7O21lpR2/+PrvAVgWdzL7eexIFm4JN/Wn10PTcmNdtS6U67r499mlWMXOxNw==}

  '@types/uuid@10.0.0':
    resolution: {integrity: sha512-7gqG38EyHgyP1S+7+xomFtL+ZNHcKv6DwNaCZmJmo1vgMugyF3TCnXVg4t1uk89mLNwnLtnY3TpOpCOyp1/xHQ==}

  agent-base@7.1.4:
    resolution: {integrity: sha512-MnA+YT8fwfJPgBx3m60MNqakm30XOkyIoH1y6huTQvC0PwZG7ki8NacLBcrPbNoo8vEZy7Jpuk7+jMO+CUovTQ==}
    engines: {node: '>= 14'}

  ansi-escapes@7.3.0:
    resolution: {integrity: sha512-BvU8nYgGQBxcmMuEeUEmNTvrMVjJNSH7RgW24vXexN4Ven6qCvy4TntnvlnwnMLTVlcRQQdbRY8NKnaIoeWDNg==}
    engines: {node: '>=18'}

  ansi-regex@6.2.2:
    resolution: {integrity: sha512-Bq3SmSpyFHaWjPk8If9yc6svM8c56dB5BAtW4Qbw5jHTwwXXcTLoRMkpDJp6VL0XzlWaCHTXrkFURMYmD0sLqg==}
    engines: {node: '>=12'}

  ansi-styles@4.3.0:
    resolution: {integrity: sha512-zbB9rCJAT1rbjiVDb2hqKFHNYLxgtk8NURxZ3IZwD3F6NtxbXZQCnnSi1Lkx+IDohdPlFp222wVALIheZJQSEg==}
    engines: {node: '>=8'}

  ansi-styles@5.2.0:
    resolution: {integrity: sha512-Cxwpt2SfTzTtXcfOlzGEee8O+c+MmUgGrNiBcXnuWxuFJHe6a5Hz7qwhwe5OgaSYI0IJvkLqWX1ASG+cJOkEiA==}
    engines: {node: '>=10'}

  ansi-styles@6.2.3:
    resolution: {integrity: sha512-4Dj6M28JB+oAH8kFkTLUo+a2jwOFkuqb3yucU0CANcRRUbxS0cP0nZYCGjcc3BNXwRIsUVmDGgzawme7zvJHvg==}
    engines: {node: '>=12'}

  asynckit@0.4.0:
    resolution: {integrity: sha512-Oei9OH4tRh0YqU3GxhX79dM/mwVgvbZJaSNaRk+bshkj0S5cfHcgYakreBjrHwatXKbz+IoIdYLxrKim2MjW0Q==}

  auto-bind@5.0.1:
    resolution: {integrity: sha512-ooviqdwwgfIfNmDwo94wlshcdzfO64XV0Cg6oDsDYBJfITDz1EngD2z7DkbvCWn+XIMsIqW27sEVF6qcpJrRcg==}
    engines: {node: ^12.20.0 || ^14.13.1 || >=16.0.0}

  axios@1.13.5:
    resolution: {integrity: sha512-cz4ur7Vb0xS4/KUN0tPWe44eqxrIu31me+fbang3ijiNscE129POzipJJA6zniq2C/Z6sJCjMimjS8Lc/GAs8Q==}

  base64-js@1.5.1:
    resolution: {integrity: sha512-AKpaYlHn8t4SVbOHCy+b5+KKgvR4vrsD8vbvrbiQJps7fKDTkjkDry6ji0rUJjC0kzbNePLwzxq8iypo41qeWA==}

  call-bind-apply-helpers@1.0.2:
    resolution: {integrity: sha512-Sp1ablJ0ivDkSzjcaJdxEunN5/XvksFJ2sMBFfq6x0ryhQV/2b/KwFe21cMpmHtPOSij8K99/wSfoEuTObmuMQ==}
    engines: {node: '>= 0.4'}

  camelcase@6.3.0:
    resolution: {integrity: sha512-Gmy6FhYlCY7uOElZUSbxo2UCDH8owEk996gkbrpsgGtrJLM3J7jGxl9Ic7Qwwj4ivOE5AWZWRMecDdF7hqGjFA==}
    engines: {node: '>=10'}

  cfonts@3.3.1:
    resolution: {integrity: sha512-ZGEmN3W9mViWEDjsuPo4nK4h39sfh6YtoneFYp9WLPI/rw8BaSSrfQC6jkrGW3JMvV3ZnExJB/AEqXc/nHYxkw==}
    engines: {node: '>=10'}
    hasBin: true

  chalk@4.1.2:
    resolution: {integrity: sha512-oKnbhFyRIXpUuez8iBMmyEa4nbj4IOQyuhc/wy9kY7/WVPcwIO9VA668Pu8RkO7+0G76SLROeyw9CpQ061i4mA==}
    engines: {node: '>=10'}

  chalk@5.6.2:
    resolution: {integrity: sha512-7NzBL0rN6fMUW+f7A6Io4h40qQlG+xGmtMxfbnH/K7TAtt8JQWVQK+6g0UXKMeVJoyV5EkkNsErQ8pVD3bLHbA==}
    engines: {node: ^12.17.0 || ^14.13 || >=16.0.0}

  cli-boxes@3.0.0:
    resolution: {integrity: sha512-/lzGpEWL/8PfI0BmBOPRwp0c/wFNX1RdUML3jK/RcSBA9T8mZDdQpqYBKtCFTOfQbwPqWEOpjqW+Fnayc0969g==}
    engines: {node: '>=10'}

  cli-cursor@4.0.0:
    resolution: {integrity: sha512-VGtlMu3x/4DOtIUwEkRezxUZ2lBacNJCHash0N0WeZDBS+7Ux1dm3XWAgWYxLJFMMdOeXMHXorshEFhbMSGelg==}
    engines: {node: ^12.20.0 || ^14.13.1 || >=16.0.0}

  cli-spinners@3.4.0:
    resolution: {integrity: sha512-bXfOC4QcT1tKXGorxL3wbJm6XJPDqEnij2gQ2m7ESQuE+/z9YFIWnl/5RpTiKWbMq3EVKR4fRLJGn6DVfu0mpw==}
    engines: {node: '>=18.20'}

  cli-truncate@5.1.1:
    resolution: {integrity: sha512-SroPvNHxUnk+vIW/dOSfNqdy1sPEFkrTk6TUtqLCnBlo3N7TNYYkzzN7uSD6+jVjrdO4+p8nH7JzH6cIvUem6A==}
    engines: {node: '>=20'}

  code-excerpt@4.0.0:
    resolution: {integrity: sha512-xxodCmBen3iy2i0WtAK8FlFNrRzjUqjRsMfho58xT/wvZU1YTM3fCnRjcy1gJPMepaRlgm/0e6w8SpWHpn3/cA==}
    engines: {node: ^12.20.0 || ^14.13.1 || >=16.0.0}

  color-convert@2.0.1:
    resolution: {integrity: sha512-RRECPsj7iu/xb5oKYcsFHSppFNnsj/52OVTRKb4zP5onXwVF3zVmmToNcOfGC+CRDpfK/U584fMg38ZHCaElKQ==}
    engines: {node: '>=7.0.0'}

  color-name@1.1.4:
    resolution: {integrity: sha512-dOy+3AuW3a2wNbZHIuMZpTcgjGuLU/uBL/ubcZF9OXbDo8ff4O8yVp5Bf0efS8uEoYo5q4Fx7dY9OgQGXgAsQA==}

  combined-stream@1.0.8:
    resolution: {integrity: sha512-FQN4MRfuJeHf7cBbBMJFXhKSDq+2kAArBlmRBvcvFE5BB1HZKXtSFASDhdlz9zOYwxh8lDdnvmMOe/+5cdoEdg==}
    engines: {node: '>= 0.8'}

  console-table-printer@2.15.0:
    resolution: {integrity: sha512-SrhBq4hYVjLCkBVOWaTzceJalvn5K1Zq5aQA6wXC/cYjI3frKWNPEMK3sZsJfNNQApvCQmgBcc13ZKmFj8qExw==}

  convert-to-spaces@2.0.1:
    resolution: {integrity: sha512-rcQ1bsQO9799wq24uE5AM2tAILy4gXGIK/njFWcVQkGNZ96edlpY+A7bjwvzjYvLDyzmG1MmMLZhpcsb+klNMQ==}
    engines: {node: ^12.20.0 || ^14.13.1 || >=16.0.0}

  csstype@3.2.3:
    resolution: {integrity: sha512-z1HGKcYy2xA8AGQfwrn0PAy+PB7X/GSj3UVJW9qKyn43xWa+gl5nXmU4qqLMRzWVLFC8KusUX8T/0kCiOYpAIQ==}

  debug@4.4.3:
    resolution: {integrity: sha512-RGwwWnwQvkVfavKVt22FGLw+xYSdzARwm0ru6DhTVA3umU5hZc28V3kO4stgYryrTlLpuvgI9GiijltAjNbcqA==}
    engines: {node: '>=6.0'}
    peerDependencies:
      supports-color: '*'
    peerDependenciesMeta:
      supports-color:
        optional: true

  decamelize@1.2.0:
    resolution: {integrity: sha512-z2S+W9X73hAUUki+N+9Za2lBlun89zigOyGrsax+KUQ6wKW4ZoWpEYBkGhQjwAjjDCkWxhY0VKEhk8wzY7F5cA==}
    engines: {node: '>=0.10.0'}

  deepmerge@4.3.1:
    resolution: {integrity: sha512-3sUqbMEc77XqpdNO7FRyRog+eW3ph+GYCbj+rK+uYyRMuwsVy0rMiVtPn+QJlKFvWP/1PYpapqYn0Me2knFn+A==}
    engines: {node: '>=0.10.0'}

  define-property@1.0.0:
    resolution: {integrity: sha512-cZTYKFWspt9jZsMscWo8sc/5lbPC9Q0N5nBLgb+Yd915iL3udB1uFgS3B8YCx66UVHq018DAVFoee7x+gxggeA==}
    engines: {node: '>=0.10.0'}

  delayed-stream@1.0.0:
    resolution: {integrity: sha512-ZySD7Nf91aLB0RxL4KGrKHBXl7Eds1DAmEdcoVawXnLD7SDhpNgtuII2aAkg7a7QS41jxPSZ17p4VdGnMHk3MQ==}
    engines: {node: '>=0.4.0'}

  dunder-proto@1.0.1:
    resolution: {integrity: sha512-KIN/nDJBQRcXw0MLVhZE9iQHmG68qAVIBg9CqmUYjmQIhgij9U5MFvrqkUL5FbtyyzZuOeOt0zdeRe4UY7ct+A==}
    engines: {node: '>= 0.4'}

  emoji-regex@10.6.0:
    resolution: {integrity: sha512-toUI84YS5YmxW219erniWD0CIVOo46xGKColeNQRgOzDorgBi1v4D71/OFzgD9GO2UGKIv1C3Sp8DAn0+j5w7A==}

  environment@1.1.0:
    resolution: {integrity: sha512-xUtoPkMggbz0MPyPiIWr1Kp4aeWJjDZ6SMvURhimjdZgsRuDplF5/s9hcgGhyXMhs+6vpnuoiZ2kFiu3FMnS8Q==}
    engines: {node: '>=18'}

  es-define-property@1.0.1:
    resolution: {integrity: sha512-e3nRfgfUZ4rNGL232gUgX06QNyyez04KdjFrF+LTRoOXmrOgFKDg4BCdsjW8EnT69eqdYGmRpJwiPVYNrCaW3g==}
    engines: {node: '>= 0.4'}

  es-errors@1.3.0:
    resolution: {integrity: sha512-Zf5H2Kxt2xjTvbJvP2ZWLEICxA6j+hAmMzIlypy4xcBg1vKVnx89Wy0GbS+kf5cwCVFFzdCFh2XSCFNULS6csw==}
    engines: {node: '>= 0.4'}

  es-object-atoms@1.1.1:
    resolution: {integrity: sha512-FGgH2h8zKNim9ljj7dankFPcICIK9Cp5bm+c2gQSYePhpaG5+esrLODihIorn+Pe6FGJzWhXQotPv73jTaldXA==}
    engines: {node: '>= 0.4'}

  es-set-tostringtag@2.1.0:
    resolution: {integrity: sha512-j6vWzfrGVfyXxge+O0x5sh6cvxAog0a/4Rdd2K36zCMV5eJ+/+tOAngRO8cODMNWbVRdVlmGZQL2YS3yR8bIUA==}
    engines: {node: '>= 0.4'}

  es-toolkit@1.44.0:
    resolution: {integrity: sha512-6penXeZalaV88MM3cGkFZZfOoLGWshWWfdy0tWw/RlVVyhvMaWSBTOvXNeiW3e5FwdS5ePW0LGEu17zT139ktg==}

  escape-string-regexp@2.0.0:
    resolution: {integrity: sha512-UpzcLCXolUWcNu5HtVMHYdXJjArjsF9C0aNnquZYY4uW/Vu0miy5YoWvbV345HauVvcAUnpRuhMMcqTcGOY2+w==}
    engines: {node: '>=8'}

  eventemitter3@4.0.7:
    resolution: {integrity: sha512-8guHBZCwKnFhYdHr2ysuRWErTwhoN2X8XELRlrRwpmfeY2jjuUN4taQMsULKUVo1K4DvZl+0pgfyoysHxvmvEw==}

  eventemitter3@5.0.4:
    resolution: {integrity: sha512-mlsTRyGaPBjPedk6Bvw+aqbsXDtoAyAzm5MO7JgU+yVRyMQ5O8bD4Kcci7BS85f93veegeCPkL8R4GLClnjLFw==}

  figures@6.1.0:
    resolution: {integrity: sha512-d+l3qxjSesT4V7v2fh+QnmFnUWv9lSpjarhShNTgBOfA0ttejbQUAlHLitbjkoRiDulW0OPoQPYIGhIC8ohejg==}
    engines: {node: '>=18'}

  follow-redirects@1.15.11:
    resolution: {integrity: sha512-deG2P0JfjrTxl50XGCDyfI97ZGVCxIpfKYmfyrQ54n5FO/0gfIES8C/Psl6kWVDolizcaaxZJnTS0QSMxvnsBQ==}
    engines: {node: '>=4.0'}
    peerDependencies:
      debug: '*'
    peerDependenciesMeta:
      debug:
        optional: true

  form-data@4.0.5:
    resolution: {integrity: sha512-8RipRLol37bNs2bhoV67fiTEvdTrbMUYcFTiy3+wuuOnUog2QBHCZWXDRijWQfAkhBj2Uf5UnVaiWwA5vdd82w==}
    engines: {node: '>= 6'}

  function-bind@1.1.2:
    resolution: {integrity: sha512-7XHNxH7qX9xG5mIwxkhumTox/MIRNcOgDrxWsMt2pAr23WHp6MrRlN7FBSFpCpr+oVO0F744iUgR82nJMfG2SA==}

  get-east-asian-width@1.4.0:
    resolution: {integrity: sha512-QZjmEOC+IT1uk6Rx0sX22V6uHWVwbdbxf1faPqJ1QhLdGgsRGCZoyaQBm/piRdJy/D2um6hM1UP7ZEeQ4EkP+Q==}
    engines: {node: '>=18'}

  get-intrinsic@1.3.0:
    resolution: {integrity: sha512-9fSjSaos/fRIVIp+xSJlE6lfwhES7LNtKaCBIamHsjr2na1BiABJPo0mOjjz8GJDURarmCPGqaiVg5mfjb98CQ==}
    engines: {node: '>= 0.4'}

  get-proto@1.0.1:
    resolution: {integrity: sha512-sTSfBjoXBp89JvIKIefqw7U2CCebsc74kiY6awiGogKtoSGbgjYE/G/+l9sF3MWFPNc9IcoOC4ODfKHfxFmp0g==}
    engines: {node: '>= 0.4'}

  gopd@1.2.0:
    resolution: {integrity: sha512-ZUKRh6/kUFoAiTAtTYPZJ3hw9wNxx+BIBOijnlG9PnrJsCcSjs1wyyD6vJpaYtgnzDrKYRSqf3OO6Rfa93xsRg==}
    engines: {node: '>= 0.4'}

  gradient-string@3.0.0:
    resolution: {integrity: sha512-frdKI4Qi8Ihp4C6wZNB565de/THpIaw3DjP5ku87M+N9rNSGmPTjfkq61SdRXB7eCaL8O1hkKDvf6CDMtOzIAg==}
    engines: {node: '>=14'}

  has-flag@4.0.0:
    resolution: {integrity: sha512-EykJT/Q1KjTWctppgIAgfSO0tKVuZUjhgMr17kqTumMl6Afv3EISleU7qZUzoXDFTAHTDC4NOoG/ZxU3EvlMPQ==}
    engines: {node: '>=8'}

  has-symbols@1.1.0:
    resolution: {integrity: sha512-1cDNdwJ2Jaohmb3sg4OmKaMBwuC48sYni5HUw2DvsC8LjGTLK9h+eb1X6RyuOHe4hT0ULCW68iomhjUoKUqlPQ==}
    engines: {node: '>= 0.4'}

  has-tostringtag@1.0.2:
    resolution: {integrity: sha512-NqADB8VjPFLM2V0VvHUewwwsw0ZWBaIdgo+ieHtK3hasLz4qeCRjYcqfB6AQrBggRKppKF8L52/VqdVsO47Dlw==}
    engines: {node: '>= 0.4'}

  hasown@2.0.2:
    resolution: {integrity: sha512-0hJU9SCPvmMzIBdZFqNPXWa6dqh7WdH0cII9y+CyS8rG3nL48Bclra9HmKhVVUHyPWNH5Y7xDwAB7bfgSjkUMQ==}
    engines: {node: '>= 0.4'}

  https-proxy-agent@7.0.6:
    resolution: {integrity: sha512-vK9P5/iUfdl95AI+JVyUuIcVtd4ofvtrOr3HNtM2yxC9bnMbEdp3x01OhQNnjb8IJYi38VlTE3mBXwcfvywuSw==}
    engines: {node: '>= 14'}

  indent-string@5.0.0:
    resolution: {integrity: sha512-m6FAo/spmsW2Ab2fU35JTYwtOKa2yAwXSwgjSv1TJzh4Mh7mC3lzAOVLBprb72XsTrgkEIsl7YrFNAiDiRhIGg==}
    engines: {node: '>=12'}

  ink-big-text@2.0.0:
    resolution: {integrity: sha512-Juzqv+rIOLGuhMJiE50VtS6dg6olWfzFdL7wsU/EARSL5Eaa5JNXMogMBm9AkjgzO2Y3UwWCOh87jbhSn8aNdw==}
    engines: {node: '>=14.16'}
    peerDependencies:
      ink: '>=4'
      react: '>=18'

  ink-gradient@4.0.0:
    resolution: {integrity: sha512-Yx227CStr4DaXVkRAQPbBufSUTqe4a4FLOPVoypXZyae5h3A5jWyqZpTmAIbm7iiiqNYCkKIFBUPJM6nSICfxA==}
    engines: {node: '>=20'}
    peerDependencies:
      ink: '>=6'

  ink@6.6.0:
    resolution: {integrity: sha512-QDt6FgJxgmSxAelcOvOHUvFxbIUjVpCH5bx+Slvc5m7IEcpGt3dYwbz/L+oRnqEGeRvwy1tineKK4ect3nW1vQ==}
    engines: {node: '>=20'}
    peerDependencies:
      '@types/react': '>=19.0.0'
      react: '>=19.0.0'
      react-devtools-core: ^6.1.2
    peerDependenciesMeta:
      '@types/react':
        optional: true
      react-devtools-core:
        optional: true

  is-accessor-descriptor@1.0.1:
    resolution: {integrity: sha512-YBUanLI8Yoihw923YeFUS5fs0fF2f5TSFTNiYAAzhhDscDa3lEqYuz1pDOEP5KvX94I9ey3vsqjJcLVFVU+3QA==}
    engines: {node: '>= 0.10'}

  is-buffer@1.1.6:
    resolution: {integrity: sha512-NcdALwpXkTm5Zvvbk7owOUSvVvBKDgKP5/ewfXEznmQFfs4ZRmanOeKBTjRVjka3QFoN6XJ+9F3USqfHqTaU5w==}

  is-data-descriptor@1.0.1:
    resolution: {integrity: sha512-bc4NlCDiCr28U4aEsQ3Qs2491gVq4V8G7MQyws968ImqjKuYtTJXrl7Vq7jsN7Ly/C3xj5KWFrY7sHNeDkAzXw==}
    engines: {node: '>= 0.4'}

  is-descriptor@1.0.3:
    resolution: {integrity: sha512-JCNNGbwWZEVaSPtS45mdtrneRWJFp07LLmykxeFV5F6oBvNF8vHSfJuJgoT472pSfk+Mf8VnlrspaFBHWM8JAw==}
    engines: {node: '>= 0.4'}

  is-fullwidth-code-point@5.1.0:
    resolution: {integrity: sha512-5XHYaSyiqADb4RnZ1Bdad6cPp8Toise4TzEjcOYDHZkTCbKgiUl7WTUCpNWHuxmDt91wnsZBc9xinNzopv3JMQ==}
    engines: {node: '>=18'}

  is-in-ci@2.0.0:
    resolution: {integrity: sha512-cFeerHriAnhrQSbpAxL37W1wcJKUUX07HyLWZCW1URJT/ra3GyUTzBgUnh24TMVfNTV2Hij2HLxkPHFZfOZy5w==}
    engines: {node: '>=20'}
    hasBin: true

  is-network-error@1.3.0:
    resolution: {integrity: sha512-6oIwpsgRfnDiyEDLMay/GqCl3HoAtH5+RUKW29gYkL0QA+ipzpDLA16yQs7/RHCSu+BwgbJaOUqa4A99qNVQVw==}
    engines: {node: '>=16'}

  is-number@3.0.0:
    resolution: {integrity: sha512-4cboCqIpliH+mAvFNegjZQ4kgKc3ZUhQVr3HvWbSh5q3WH2v82ct+T2Y1hdU5Gdtorx/cLifQjqCbL7bpznLTg==}
    engines: {node: '>=0.10.0'}

  is-unicode-supported@2.1.0:
    resolution: {integrity: sha512-mE00Gnza5EEB3Ds0HfMyllZzbBrmLOX3vfWoj9A9PEnTfratQ/BcaJOuMhnkhjXvb2+FkY3VuHqtAGpTPmglFQ==}
    engines: {node: '>=18'}

  js-tiktoken@1.0.21:
    resolution: {integrity: sha512-biOj/6M5qdgx5TKjDnFT1ymSpM5tbd3ylwDtrQvFQSu0Z7bBYko2dF+W/aUkXUPuk6IVpRxk/3Q2sHOzGlS36g==}

  js-tokens@4.0.0:
    resolution: {integrity: sha512-RdJUflcE3cUzKiMqQgsCu06FPu9UdIJO0beYbPhHN4k6apgJtifcoCtT9bcxOpYBtpD2kCM6Sbzg4CausW/PKQ==}

  kind-of@3.2.2:
    resolution: {integrity: sha512-NOW9QQXMoZGg/oqnVNoNTTIFEIid1627WCffUBJEdMxYApq7mNE7CpzucIPc+ZQg25Phej7IJSmX3hO+oblOtQ==}
    engines: {node: '>=0.10.0'}

  langchain@1.2.18:
    resolution: {integrity: sha512-+7P9pA57Q1zvHyeDt/MVmBJ+RXVsS7FF1Lo0h6bpxFrAjLaxkBWPG8FMI376jBEtFug6wk0CtInEH9PXPxlukA==}
    engines: {node: '>=20'}
    peerDependencies:
      '@langchain/core': 1.1.19

  langsmith@0.4.12:
    resolution: {integrity: sha512-YWt0jcGvKqjUgIvd78rd4QcdMss0lUkeUaqp0UpVRq7H2yNDx8H5jOUO/laWUmaPtWGgcip0qturykXe1g9Gqw==}
    peerDependencies:
      '@opentelemetry/api': '*'
      '@opentelemetry/exporter-trace-otlp-proto': '*'
      '@opentelemetry/sdk-trace-base': '*'
      openai: '*'
    peerDependenciesMeta:
      '@opentelemetry/api':
        optional: true
      '@opentelemetry/exporter-trace-otlp-proto':
        optional: true
      '@opentelemetry/sdk-trace-base':
        optional: true
      openai:
        optional: true

  loose-envify@1.4.0:
    resolution: {integrity: sha512-lyuxPGr/Wfhrlem2CL/UcnUc1zcqKAImBDzukY7Y5F/yQiNdko6+fRLevlw1HgMySw7f611UIY408EtxRSoK3Q==}
    hasBin: true

  math-intrinsics@1.1.0:
    resolution: {integrity: sha512-/IXtbwEk5HTPyEwyKX6hGkYXxM9nbj64B+ilVJnC/R6B0pH5G4V3b0pVbL7DBj4tkhBAppbQUlf6F6Xl9LHu1g==}
    engines: {node: '>= 0.4'}

  mime-db@1.52.0:
    resolution: {integrity: sha512-sPU4uV7dYlvtWJxwwxHD0PuihVNiE7TyAbQ5SWxDCB9mUYvOgroQOwYQQOKPJ8CIbE+1ETVlOoK1UC2nU3gYvg==}
    engines: {node: '>= 0.6'}

  mime-types@2.1.35:
    resolution: {integrity: sha512-ZDY+bPm5zTTF+YpCrAU9nK0UgICYPT0QtT1NZWFv4s++TNkcgVaT0g6+4R2uI4MjQjzysHB1zxuWL50hzaeXiw==}
    engines: {node: '>= 0.6'}

  mimic-fn@2.1.0:
    resolution: {integrity: sha512-OqbOk5oEQeAZ8WXWydlu9HJjz9WVdEIvamMCcXmuqUYjTknH/sqsWvhQ3vgwKFRR1HpjvNBKQ37nbJgYzGqGcg==}
    engines: {node: '>=6'}

  ms@2.1.3:
    resolution: {integrity: sha512-6FlzubTLZG3J2a/NVCAleEhjzq5oxgHyaCU9yYXvcLsvoVaHJq/s5xXI6/XXP6tz7R9xAOtHnSO/tXtF3WRTlA==}

  mustache@4.2.0:
    resolution: {integrity: sha512-71ippSywq5Yb7/tVYyGbkBggbU8H3u5Rz56fH60jGFgr8uHwxs+aSKeqmluIVzM0m0kB7xQjKS6qPfd0b2ZoqQ==}
    hasBin: true

  object-assign@4.1.1:
    resolution: {integrity: sha512-rJgTQnkUnH1sFw8yT6VSU3zD3sWmu6sZhIseY8VX+GRu3P6F7Fu+JNDoXfklElbLJSnc3FUQHVe4cU5hj+BcUg==}
    engines: {node: '>=0.10.0'}

  onetime@5.1.2:
    resolution: {integrity: sha512-kbpaSSGJTWdAY5KPVeMOKXSrPtr8C8C7wodJbcsd51jRnmD+GZu8Y0VoU6Dm5Z4vWr0Ig/1NKuWRKf7j5aaYSg==}
    engines: {node: '>=6'}

  p-finally@1.0.0:
    resolution: {integrity: sha512-LICb2p9CB7FS+0eR1oqWnHhp0FljGLZCWBE9aix0Uye9W8LTQPwMTYVGWQWIw9RdQiDg4+epXQODwIYJtSJaow==}
    engines: {node: '>=4'}

  p-queue@6.6.2:
    resolution: {integrity: sha512-RwFpb72c/BhQLEXIZ5K2e+AhgNVmIejGlTgiB9MzZ0e93GRvqZ7uSi0dvRF7/XIXDeNkra2fNHBxTyPDGySpjQ==}
    engines: {node: '>=8'}

  p-queue@9.1.0:
    resolution: {integrity: sha512-O/ZPaXuQV29uSLbxWBGGZO1mCQXV2BLIwUr59JUU9SoH76mnYvtms7aafH/isNSNGwuEfP6W/4xD0/TJXxrizw==}
    engines: {node: '>=20'}

  p-retry@7.1.1:
    resolution: {integrity: sha512-J5ApzjyRkkf601HpEeykoiCvzHQjWxPAHhyjFcEUP2SWq0+35NKh8TLhpLw+Dkq5TZBFvUM6UigdE9hIVYTl5w==}
    engines: {node: '>=20'}

  p-timeout@3.2.0:
    resolution: {integrity: sha512-rhIwUycgwwKcP9yTOOFK/AKsAopjjCakVqLHePO3CC6Mir1Z99xT+R63jZxAT5lFZLa2inS5h+ZS2GvR99/FBg==}
    engines: {node: '>=8'}

  p-timeout@7.0.1:
    resolution: {integrity: sha512-AxTM2wDGORHGEkPCt8yqxOTMgpfbEHqF51f/5fJCmwFC3C/zNcGT63SymH2ttOAaiIws2zVg4+izQCjrakcwHg==}
    engines: {node: '>=20'}

  patch-console@2.0.0:
    resolution: {integrity: sha512-0YNdUceMdaQwoKce1gatDScmMo5pu/tfABfnzEqeG0gtTmd7mh/WcwgUjtAeOU7N8nFFlbQBnFK2gXW5fGvmMA==}
    engines: {node: ^12.20.0 || ^14.13.1 || >=16.0.0}

  prop-types@15.8.1:
    resolution: {integrity: sha512-oj87CgZICdulUohogVAR7AjlC0327U4el4L6eAvOqCeudMDVU0NThNaV+b9Df4dXgSP1gXMTnPdhfe/2qDH5cg==}

  proxy-from-env@1.1.0:
    resolution: {integrity: sha512-D+zkORCbA9f1tdWRK0RaCR3GPv50cMxcrz4X8k5LTSUD1Dkw47mKJEZQNunItRTkWwgtaUSo1RVFRIG9ZXiFYg==}

  react-is@16.13.1:
    resolution: {integrity: sha512-24e6ynE2H+OKt4kqsOvNd8kBpV65zoxbA4BVsEOB3ARVWQki/DHzaUoC5KuON/BiccDaCCTZBuOcfZs70kR8bQ==}

  react-reconciler@0.33.0:
    resolution: {integrity: sha512-KetWRytFv1epdpJc3J4G75I4WrplZE5jOL7Yq0p34+OVOKF4Se7WrdIdVC45XsSSmUTlht2FM/fM1FZb1mfQeA==}
    engines: {node: '>=0.10.0'}
    peerDependencies:
      react: ^19.2.0

  react@19.2.4:
    resolution: {integrity: sha512-9nfp2hYpCwOjAN+8TZFGhtWEwgvWHXqESH8qT89AT/lWklpLON22Lc8pEtnpsZz7VmawabSU0gCjnj8aC0euHQ==}
    engines: {node: '>=0.10.0'}

  restore-cursor@4.0.0:
    resolution: {integrity: sha512-I9fPXU9geO9bHOt9pHHOhOkYerIMsmVaWB0rA2AI9ERh/+x/i7MV5HKBNrg+ljO5eoPVgCcnFuRjJ9uH6I/3eg==}
    engines: {node: ^12.20.0 || ^14.13.1 || >=16.0.0}

  scheduler@0.27.0:
    resolution: {integrity: sha512-eNv+WrVbKu1f3vbYJT/xtiF5syA5HPIMtf9IgY/nKg0sWqzAUEvqY/xm7OcZc/qafLx/iO9FgOmeSAp4v5ti/Q==}

  semver@7.7.4:
    resolution: {integrity: sha512-vFKC2IEtQnVhpT78h1Yp8wzwrf8CM+MzKMHGJZfBtzhZNycRFnXsHk6E5TxIkkMsgNS7mdX3AGB7x2QM2di4lA==}
    engines: {node: '>=10'}
    hasBin: true

  signal-exit@3.0.7:
    resolution: {integrity: sha512-wnD2ZE+l+SPC/uoS0vXeE9L1+0wuaMqKlfz9AMUo38JsyLSBWSFcHR1Rri62LZc12vLr1gb3jl7iwQhgwpAbGQ==}

  simple-wcswidth@1.1.2:
    resolution: {integrity: sha512-j7piyCjAeTDSjzTSQ7DokZtMNwNlEAyxqSZeCS+CXH7fJ4jx3FuJ/mTW3mE+6JLs4VJBbcll0Kjn+KXI5t21Iw==}

  slice-ansi@7.1.2:
    resolution: {integrity: sha512-iOBWFgUX7caIZiuutICxVgX1SdxwAVFFKwt1EvMYYec/NWO5meOJ6K5uQxhrYBdQJne4KxiqZc+KptFOWFSI9w==}
    engines: {node: '>=18'}

  stack-utils@2.0.6:
    resolution: {integrity: sha512-XlkWvfIm6RmsWtNJx+uqtKLS8eqFbxUg0ZzLXqY0caEy9l7hruX8IpiDnjsLavoBgqCCR71TqWO8MaXYheJ3RQ==}
    engines: {node: '>=10'}

  string-width@7.2.0:
    resolution: {integrity: sha512-tsaTIkKW9b4N+AEj+SVA+WhJzV7/zMhcSu78mLKWSk7cXMOSHsBKFWUs0fWwq8QyK3MgJBQRX6Gbi4kYbdvGkQ==}
    engines: {node: '>=18'}

  string-width@8.1.1:
    resolution: {integrity: sha512-KpqHIdDL9KwYk22wEOg/VIqYbrnLeSApsKT/bSj6Ez7pn3CftUiLAv2Lccpq1ALcpLV9UX1Ppn92npZWu2w/aw==}
    engines: {node: '>=20'}

  strip-ansi@7.1.2:
    resolution: {integrity: sha512-gmBGslpoQJtgnMAvOVqGZpEz9dyoKTCzy2nfz/n8aIFhN/jCE/rCmcxabB6jOOHV+0WNnylOxaxBQPSvcWklhA==}
    engines: {node: '>=12'}

  supports-color@7.2.0:
    resolution: {integrity: sha512-qpCAvRl9stuOHveKsn7HncJRvv501qIacKzQlO/+Lwxc9+0q2wLyv4Dfvt80/DPn2pqOBsJdDiogXGR9+OvwRw==}
    engines: {node: '>=8'}

  supports-color@8.1.1:
    resolution: {integrity: sha512-MpUEN2OodtUzxvKQl72cUF7RQ5EiHsGvSsVG0ia9c5RbWGL2CI4C7EpPS8UTBIplnlzZiNuV56w+FuNxy3ty2Q==}
    engines: {node: '>=10'}

  tinycolor2@1.6.0:
    resolution: {integrity: sha512-XPaBkWQJdsf3pLKJV9p4qN/S+fm2Oj8AIPo1BTUhg5oxkvm9+SVEGFdhyOz7tTdUTfvxMiAs4sp6/eZO2Ew+pw==}

  tinygradient@1.1.5:
    resolution: {integrity: sha512-8nIfc2vgQ4TeLnk2lFj4tRLvvJwEfQuabdsmvDdQPT0xlk9TaNtpGd6nNRxXoK6vQhN6RSzj+Cnp5tTQmpxmbw==}

  type-fest@4.41.0:
    resolution: {integrity: sha512-TeTSQ6H5YHvpqVwBRcnLDCBnDOHWYu7IvGbHT6N8AOymcr9PJGjc1GTtiWZTYg0NCgYwvnYWEkVChQAr9bjfwA==}
    engines: {node: '>=16'}

  typescript@5.9.3:
    resolution: {integrity: sha512-jl1vZzPDinLr9eUt3J/t7V6FgNEw9QjvBPdysz9KfQDD41fQrC2Y4vKQdiaUpFT4bXlb1RHhLpp8wtm6M5TgSw==}
    engines: {node: '>=14.17'}
    hasBin: true

  undici-types@7.16.0:
    resolution: {integrity: sha512-Zz+aZWSj8LE6zoxD+xrjh4VfkIG8Ya6LvYkZqtUQGJPZjYl53ypCaUwWqo7eI0x66KBGeRo+mlBEkMSeSZ38Nw==}

  uuid@10.0.0:
    resolution: {integrity: sha512-8XkAphELsDnEGrDxUOHB3RGvXz6TeuYSGEZBOjtTtPm2lwhGBjLgOzLHB63IUWfBpNucQjND6d3AOudO+H3RWQ==}
    hasBin: true

  uuid@11.1.0:
    resolution: {integrity: sha512-0/A9rDy9P7cJ+8w1c9WD9V//9Wj15Ce2MPz8Ri6032usz+NfePxx5AcN3bN+r6ZL6jEo066/yNYB3tn4pQEx+A==}
    hasBin: true

  uuid@13.0.0:
    resolution: {integrity: sha512-XQegIaBTVUjSHliKqcnFqYypAd4S+WCYt5NIeRs6w/UAry7z8Y9j5ZwRRL4kzq9U3sD6v+85er9FvkEaBpji2w==}
    hasBin: true

  widest-line@5.0.0:
    resolution: {integrity: sha512-c9bZp7b5YtRj2wOe6dlj32MK+Bx/M/d+9VB2SHM1OtsUHR0aV0tdP6DWh/iMt0kWi1t5g1Iudu6hQRNd1A4PVA==}
    engines: {node: '>=18'}

  window-size@1.1.1:
    resolution: {integrity: sha512-5D/9vujkmVQ7pSmc0SCBmHXbkv6eaHwXEx65MywhmUMsI8sGqJ972APq1lotfcwMKPFLuCFfL8xGHLIp7jaBmA==}
    engines: {node: '>= 0.10.0'}
    hasBin: true

  wrap-ansi@9.0.2:
    resolution: {integrity: sha512-42AtmgqjV+X1VpdOfyTGOYRi0/zsoLqtXQckTmqTeybT+BDIbM/Guxo7x3pE2vtpr1ok6xRqM9OpBe+Jyoqyww==}
    engines: {node: '>=18'}

  ws@8.19.0:
    resolution: {integrity: sha512-blAT2mjOEIi0ZzruJfIhb3nps74PRWTCz1IjglWEEpQl5XS/UNama6u2/rjFkDDouqr4L67ry+1aGIALViWjDg==}
    engines: {node: '>=10.0.0'}
    peerDependencies:
      bufferutil: ^4.0.1
      utf-8-validate: '>=5.0.2'
    peerDependenciesMeta:
      bufferutil:
        optional: true
      utf-8-validate:
        optional: true

  yoga-layout@3.2.1:
    resolution: {integrity: sha512-0LPOt3AxKqMdFBZA3HBAt/t/8vIKq7VaQYbuA8WxCgung+p9TVyKRYdpvCb80HcdTN2NkbIKbhNwKUfm3tQywQ==}

  zod@4.3.6:
    resolution: {integrity: sha512-rftlrkhHZOcjDwkGlnUtZZkvaPHCsDATp4pGpuOOMDaTdDDXF91wuVDJoWoPsKX/3YPQ5fHuF3STjcYyKr+Qhg==}

snapshots:

  '@alcalzone/ansi-tokenize@0.2.4':
    dependencies:
      ansi-styles: 6.2.3
      is-fullwidth-code-point: 5.1.0

  '@cfworker/json-schema@4.1.1': {}

  '@google/generative-ai@0.24.1': {}

  '@inkjs/ui@2.0.0(ink@6.6.0(@types/react@19.2.13)(react@19.2.4))':
    dependencies:
      chalk: 5.6.2
      cli-spinners: 3.4.0
      deepmerge: 4.3.1
      figures: 6.1.0
      ink: 6.6.0(@types/react@19.2.13)(react@19.2.4)

  '@langchain/core@1.1.19':
    dependencies:
      '@cfworker/json-schema': 4.1.1
      ansi-styles: 5.2.0
      camelcase: 6.3.0
      decamelize: 1.2.0
      js-tiktoken: 1.0.21
      langsmith: 0.4.12
      mustache: 4.2.0
      p-queue: 6.6.2
      uuid: 10.0.0
      zod: 4.3.6
    transitivePeerDependencies:
      - '@opentelemetry/api'
      - '@opentelemetry/exporter-trace-otlp-proto'
      - '@opentelemetry/sdk-trace-base'
      - openai

  '@langchain/google-genai@2.1.15(@langchain/core@1.1.19)':
    dependencies:
      '@google/generative-ai': 0.24.1
      '@langchain/core': 1.1.19
      uuid: 11.1.0

  '@langchain/langgraph-checkpoint@1.0.0(@langchain/core@1.1.19)':
    dependencies:
      '@langchain/core': 1.1.19
      uuid: 10.0.0

  '@langchain/langgraph-sdk@1.6.0(@langchain/core@1.1.19)(react@19.2.4)':
    dependencies:
      '@types/json-schema': 7.0.15
      p-queue: 9.1.0
      p-retry: 7.1.1
      uuid: 13.0.0
    optionalDependencies:
      '@langchain/core': 1.1.19
      react: 19.2.4

  '@langchain/langgraph@1.1.4(@langchain/core@1.1.19)(react@19.2.4)(zod@4.3.6)':
    dependencies:
      '@langchain/core': 1.1.19
      '@langchain/langgraph-checkpoint': 1.0.0(@langchain/core@1.1.19)
      '@langchain/langgraph-sdk': 1.6.0(@langchain/core@1.1.19)(react@19.2.4)
      '@standard-schema/spec': 1.1.0
      uuid: 10.0.0
      zod: 4.3.6
    transitivePeerDependencies:
      - react
      - react-dom

  '@standard-schema/spec@1.1.0': {}

  '@tavily/core@0.7.1':
    dependencies:
      axios: 1.13.5
      https-proxy-agent: 7.0.6
      js-tiktoken: 1.0.21
    transitivePeerDependencies:
      - debug
      - supports-color

  '@types/gradient-string@1.1.6':
    dependencies:
      '@types/tinycolor2': 1.4.6

  '@types/json-schema@7.0.15': {}

  '@types/node@25.2.2':
    dependencies:
      undici-types: 7.16.0

  '@types/react@19.2.13':
    dependencies:
      csstype: 3.2.3

  '@types/tinycolor2@1.4.6': {}

  '@types/uuid@10.0.0': {}

  agent-base@7.1.4: {}

  ansi-escapes@7.3.0:
    dependencies:
      environment: 1.1.0

  ansi-regex@6.2.2: {}

  ansi-styles@4.3.0:
    dependencies:
      color-convert: 2.0.1

  ansi-styles@5.2.0: {}

  ansi-styles@6.2.3: {}

  asynckit@0.4.0: {}

  auto-bind@5.0.1: {}

  axios@1.13.5:
    dependencies:
      follow-redirects: 1.15.11
      form-data: 4.0.5
      proxy-from-env: 1.1.0
    transitivePeerDependencies:
      - debug

  base64-js@1.5.1: {}

  call-bind-apply-helpers@1.0.2:
    dependencies:
      es-errors: 1.3.0
      function-bind: 1.1.2

  camelcase@6.3.0: {}

  cfonts@3.3.1:
    dependencies:
      supports-color: 8.1.1
      window-size: 1.1.1

  chalk@4.1.2:
    dependencies:
      ansi-styles: 4.3.0
      supports-color: 7.2.0

  chalk@5.6.2: {}

  cli-boxes@3.0.0: {}

  cli-cursor@4.0.0:
    dependencies:
      restore-cursor: 4.0.0

  cli-spinners@3.4.0: {}

  cli-truncate@5.1.1:
    dependencies:
      slice-ansi: 7.1.2
      string-width: 8.1.1

  code-excerpt@4.0.0:
    dependencies:
      convert-to-spaces: 2.0.1

  color-convert@2.0.1:
    dependencies:
      color-name: 1.1.4

  color-name@1.1.4: {}

  combined-stream@1.0.8:
    dependencies:
      delayed-stream: 1.0.0

  console-table-printer@2.15.0:
    dependencies:
      simple-wcswidth: 1.1.2

  convert-to-spaces@2.0.1: {}

  csstype@3.2.3: {}

  debug@4.4.3:
    dependencies:
      ms: 2.1.3

  decamelize@1.2.0: {}

  deepmerge@4.3.1: {}

  define-property@1.0.0:
    dependencies:
      is-descriptor: 1.0.3

  delayed-stream@1.0.0: {}

  dunder-proto@1.0.1:
    dependencies:
      call-bind-apply-helpers: 1.0.2
      es-errors: 1.3.0
      gopd: 1.2.0

  emoji-regex@10.6.0: {}

  environment@1.1.0: {}

  es-define-property@1.0.1: {}

  es-errors@1.3.0: {}

  es-object-atoms@1.1.1:
    dependencies:
      es-errors: 1.3.0

  es-set-tostringtag@2.1.0:
    dependencies:
      es-errors: 1.3.0
      get-intrinsic: 1.3.0
      has-tostringtag: 1.0.2
      hasown: 2.0.2

  es-toolkit@1.44.0: {}

  escape-string-regexp@2.0.0: {}

  eventemitter3@4.0.7: {}

  eventemitter3@5.0.4: {}

  figures@6.1.0:
    dependencies:
      is-unicode-supported: 2.1.0

  follow-redirects@1.15.11: {}

  form-data@4.0.5:
    dependencies:
      asynckit: 0.4.0
      combined-stream: 1.0.8
      es-set-tostringtag: 2.1.0
      hasown: 2.0.2
      mime-types: 2.1.35

  function-bind@1.1.2: {}

  get-east-asian-width@1.4.0: {}

  get-intrinsic@1.3.0:
    dependencies:
      call-bind-apply-helpers: 1.0.2
      es-define-property: 1.0.1
      es-errors: 1.3.0
      es-object-atoms: 1.1.1
      function-bind: 1.1.2
      get-proto: 1.0.1
      gopd: 1.2.0
      has-symbols: 1.1.0
      hasown: 2.0.2
      math-intrinsics: 1.1.0

  get-proto@1.0.1:
    dependencies:
      dunder-proto: 1.0.1
      es-object-atoms: 1.1.1

  gopd@1.2.0: {}

  gradient-string@3.0.0:
    dependencies:
      chalk: 5.6.2
      tinygradient: 1.1.5

  has-flag@4.0.0: {}

  has-symbols@1.1.0: {}

  has-tostringtag@1.0.2:
    dependencies:
      has-symbols: 1.1.0

  hasown@2.0.2:
    dependencies:
      function-bind: 1.1.2

  https-proxy-agent@7.0.6:
    dependencies:
      agent-base: 7.1.4
      debug: 4.4.3
    transitivePeerDependencies:
      - supports-color

  indent-string@5.0.0: {}

  ink-big-text@2.0.0(ink@6.6.0(@types/react@19.2.13)(react@19.2.4))(react@19.2.4):
    dependencies:
      cfonts: 3.3.1
      ink: 6.6.0(@types/react@19.2.13)(react@19.2.4)
      prop-types: 15.8.1
      react: 19.2.4

  ink-gradient@4.0.0(ink@6.6.0(@types/react@19.2.13)(react@19.2.4)):
    dependencies:
      '@types/gradient-string': 1.1.6
      gradient-string: 3.0.0
      ink: 6.6.0(@types/react@19.2.13)(react@19.2.4)
      strip-ansi: 7.1.2

  ink@6.6.0(@types/react@19.2.13)(react@19.2.4):
    dependencies:
      '@alcalzone/ansi-tokenize': 0.2.4
      ansi-escapes: 7.3.0
      ansi-styles: 6.2.3
      auto-bind: 5.0.1
      chalk: 5.6.2
      cli-boxes: 3.0.0
      cli-cursor: 4.0.0
      cli-truncate: 5.1.1
      code-excerpt: 4.0.0
      es-toolkit: 1.44.0
      indent-string: 5.0.0
      is-in-ci: 2.0.0
      patch-console: 2.0.0
      react: 19.2.4
      react-reconciler: 0.33.0(react@19.2.4)
      signal-exit: 3.0.7
      slice-ansi: 7.1.2
      stack-utils: 2.0.6
      string-width: 8.1.1
      type-fest: 4.41.0
      widest-line: 5.0.0
      wrap-ansi: 9.0.2
      ws: 8.19.0
      yoga-layout: 3.2.1
    optionalDependencies:
      '@types/react': 19.2.13
    transitivePeerDependencies:
      - bufferutil
      - utf-8-validate

  is-accessor-descriptor@1.0.1:
    dependencies:
      hasown: 2.0.2

  is-buffer@1.1.6: {}

  is-data-descriptor@1.0.1:
    dependencies:
      hasown: 2.0.2

  is-descriptor@1.0.3:
    dependencies:
      is-accessor-descriptor: 1.0.1
      is-data-descriptor: 1.0.1

  is-fullwidth-code-point@5.1.0:
    dependencies:
      get-east-asian-width: 1.4.0

  is-in-ci@2.0.0: {}

  is-network-error@1.3.0: {}

  is-number@3.0.0:
    dependencies:
      kind-of: 3.2.2

  is-unicode-supported@2.1.0: {}

  js-tiktoken@1.0.21:
    dependencies:
      base64-js: 1.5.1

  js-tokens@4.0.0: {}

  kind-of@3.2.2:
    dependencies:
      is-buffer: 1.1.6

  langchain@1.2.18(@langchain/core@1.1.19)(react@19.2.4):
    dependencies:
      '@langchain/core': 1.1.19
      '@langchain/langgraph': 1.1.4(@langchain/core@1.1.19)(react@19.2.4)(zod@4.3.6)
      '@langchain/langgraph-checkpoint': 1.0.0(@langchain/core@1.1.19)
      langsmith: 0.4.12
      uuid: 10.0.0
      zod: 4.3.6
    transitivePeerDependencies:
      - '@opentelemetry/api'
      - '@opentelemetry/exporter-trace-otlp-proto'
      - '@opentelemetry/sdk-trace-base'
      - openai
      - react
      - react-dom
      - zod-to-json-schema

  langsmith@0.4.12:
    dependencies:
      '@types/uuid': 10.0.0
      chalk: 4.1.2
      console-table-printer: 2.15.0
      p-queue: 6.6.2
      semver: 7.7.4
      uuid: 10.0.0

  loose-envify@1.4.0:
    dependencies:
      js-tokens: 4.0.0

  math-intrinsics@1.1.0: {}

  mime-db@1.52.0: {}

  mime-types@2.1.35:
    dependencies:
      mime-db: 1.52.0

  mimic-fn@2.1.0: {}

  ms@2.1.3: {}

  mustache@4.2.0: {}

  object-assign@4.1.1: {}

  onetime@5.1.2:
    dependencies:
      mimic-fn: 2.1.0

  p-finally@1.0.0: {}

  p-queue@6.6.2:
    dependencies:
      eventemitter3: 4.0.7
      p-timeout: 3.2.0

  p-queue@9.1.0:
    dependencies:
      eventemitter3: 5.0.4
      p-timeout: 7.0.1

  p-retry@7.1.1:
    dependencies:
      is-network-error: 1.3.0

  p-timeout@3.2.0:
    dependencies:
      p-finally: 1.0.0

  p-timeout@7.0.1: {}

  patch-console@2.0.0: {}

  prop-types@15.8.1:
    dependencies:
      loose-envify: 1.4.0
      object-assign: 4.1.1
      react-is: 16.13.1

  proxy-from-env@1.1.0: {}

  react-is@16.13.1: {}

  react-reconciler@0.33.0(react@19.2.4):
    dependencies:
      react: 19.2.4
      scheduler: 0.27.0

  react@19.2.4: {}

  restore-cursor@4.0.0:
    dependencies:
      onetime: 5.1.2
      signal-exit: 3.0.7

  scheduler@0.27.0: {}

  semver@7.7.4: {}

  signal-exit@3.0.7: {}

  simple-wcswidth@1.1.2: {}

  slice-ansi@7.1.2:
    dependencies:
      ansi-styles: 6.2.3
      is-fullwidth-code-point: 5.1.0

  stack-utils@2.0.6:
    dependencies:
      escape-string-regexp: 2.0.0

  string-width@7.2.0:
    dependencies:
      emoji-regex: 10.6.0
      get-east-asian-width: 1.4.0
      strip-ansi: 7.1.2

  string-width@8.1.1:
    dependencies:
      get-east-asian-width: 1.4.0
      strip-ansi: 7.1.2

  strip-ansi@7.1.2:
    dependencies:
      ansi-regex: 6.2.2

  supports-color@7.2.0:
    dependencies:
      has-flag: 4.0.0

  supports-color@8.1.1:
    dependencies:
      has-flag: 4.0.0

  tinycolor2@1.6.0: {}

  tinygradient@1.1.5:
    dependencies:
      '@types/tinycolor2': 1.4.6
      tinycolor2: 1.6.0

  type-fest@4.41.0: {}

  typescript@5.9.3: {}

  undici-types@7.16.0: {}

  uuid@10.0.0: {}

  uuid@11.1.0: {}

  uuid@13.0.0: {}

  widest-line@5.0.0:
    dependencies:
      string-width: 7.2.0

  window-size@1.1.1:
    dependencies:
      define-property: 1.0.0
      is-number: 3.0.0

  wrap-ansi@9.0.2:
    dependencies:
      ansi-styles: 6.2.3
      string-width: 7.2.0
      strip-ansi: 7.1.2

  ws@8.19.0: {}

  yoga-layout@3.2.1: {}

  zod@4.3.6: {}
